// !$*UTF8*$!
{
	archiveVersion = 1;
	classes = {
	};
	objectVersion = 50;
	objects = {

/* Begin PBXBuildFile section */
		843B1C542629B806007C7C04 /* AppDelegate.swift in Sources */ = {isa = PBXBuildFile; fileRef = 843B1C532629B806007C7C04 /* AppDelegate.swift */; };
		843B1C562629B806007C7C04 /* SceneDelegate.swift in Sources */ = {isa = PBXBuildFile; fileRef = 843B1C552629B806007C7C04 /* SceneDelegate.swift */; };
		843B1C582629B806007C7C04 /* TestViewController.swift in Sources */ = {isa = PBXBuildFile; fileRef = 843B1C572629B806007C7C04 /* TestViewController.swift */; };
		843B1C5D2629B80D007C7C04 /* Assets.xcassets in Resources */ = {isa = PBXBuildFile; fileRef = 843B1C5C2629B80D007C7C04 /* Assets.xcassets */; };
		843B1C602629B80D007C7C04 /* LaunchScreen.storyboard in Resources */ = {isa = PBXBuildFile; fileRef = 843B1C5E2629B80D007C7C04 /* LaunchScreen.storyboard */; };
		843B1C692629B891007C7C04 /* .gitignore in Resources */ = {isa = PBXBuildFile; fileRef = 843B1C682629B891007C7C04 /* .gitignore */; };
		843B1C7A2629BD2C007C7C04 /* MainTabBarTableViewController.swift in Sources */ = {isa = PBXBuildFile; fileRef = 843B1C792629BD2C007C7C04 /* MainTabBarTableViewController.swift */; };
		843B1C7F2629C152007C7C04 /* MainViewController.swift in Sources */ = {isa = PBXBuildFile; fileRef = 843B1C7E2629C152007C7C04 /* MainViewController.swift */; };
		843B1C97262C8030007C7C04 /* SectionModel.swift in Sources */ = {isa = PBXBuildFile; fileRef = 843B1C96262C8030007C7C04 /* SectionModel.swift */; };
		843B1C9C262C8132007C7C04 /* ItemModel.swift in Sources */ = {isa = PBXBuildFile; fileRef = 843B1C9B262C8132007C7C04 /* ItemModel.swift */; };
		843B1CA0262D6F6B007C7C04 /* BestPriceViewCell.swift in Sources */ = {isa = PBXBuildFile; fileRef = 843B1C9E262D6F6B007C7C04 /* BestPriceViewCell.swift */; };
		843B1CA1262D6F6B007C7C04 /* BestPriceViewCell.xib in Resources */ = {isa = PBXBuildFile; fileRef = 843B1C9F262D6F6B007C7C04 /* BestPriceViewCell.xib */; };
		843B1CA7262D9CF0007C7C04 /* CatalogViewCell.swift in Sources */ = {isa = PBXBuildFile; fileRef = 843B1CA5262D9CF0007C7C04 /* CatalogViewCell.swift */; };
		843B1CA8262D9CF0007C7C04 /* CatalogViewCell.xib in Resources */ = {isa = PBXBuildFile; fileRef = 843B1CA6262D9CF0007C7C04 /* CatalogViewCell.xib */; };
		843B1CAB262DA3F2007C7C04 /* SectionHeaderView.swift in Sources */ = {isa = PBXBuildFile; fileRef = 843B1CAA262DA3F2007C7C04 /* SectionHeaderView.swift */; };
		843B1CB4262E15FC007C7C04 /* SearchCollectionViewCell.swift in Sources */ = {isa = PBXBuildFile; fileRef = 843B1CB2262E15FC007C7C04 /* SearchCollectionViewCell.swift */; };
		843B1CB5262E15FC007C7C04 /* SearchCollectionViewCell.xib in Resources */ = {isa = PBXBuildFile; fileRef = 843B1CB3262E15FC007C7C04 /* SearchCollectionViewCell.xib */; };
/* End PBXBuildFile section */

/* Begin PBXFileReference section */
		843B1C502629B806007C7C04 /* TestTaskLeroyMerlin.app */ = {isa = PBXFileReference; explicitFileType = wrapper.application; includeInIndex = 0; path = TestTaskLeroyMerlin.app; sourceTree = BUILT_PRODUCTS_DIR; };
		843B1C532629B806007C7C04 /* AppDelegate.swift */ = {isa = PBXFileReference; lastKnownFileType = sourcecode.swift; path = AppDelegate.swift; sourceTree = "<group>"; };
		843B1C552629B806007C7C04 /* SceneDelegate.swift */ = {isa = PBXFileReference; lastKnownFileType = sourcecode.swift; path = SceneDelegate.swift; sourceTree = "<group>"; };
		843B1C572629B806007C7C04 /* TestViewController.swift */ = {isa = PBXFileReference; lastKnownFileType = sourcecode.swift; path = TestViewController.swift; sourceTree = "<group>"; };
		843B1C5C2629B80D007C7C04 /* Assets.xcassets */ = {isa = PBXFileReference; lastKnownFileType = folder.assetcatalog; path = Assets.xcassets; sourceTree = "<group>"; };
		843B1C5F2629B80D007C7C04 /* Base */ = {isa = PBXFileReference; lastKnownFileType = file.storyboard; name = Base; path = Base.lproj/LaunchScreen.storyboard; sourceTree = "<group>"; };
		843B1C612629B80D007C7C04 /* Info.plist */ = {isa = PBXFileReference; lastKnownFileType = text.plist.xml; path = Info.plist; sourceTree = "<group>"; };
		843B1C682629B891007C7C04 /* .gitignore */ = {isa = PBXFileReference; lastKnownFileType = text; path = .gitignore; sourceTree = "<group>"; };
		843B1C792629BD2C007C7C04 /* MainTabBarTableViewController.swift */ = {isa = PBXFileReference; lastKnownFileType = sourcecode.swift; path = MainTabBarTableViewController.swift; sourceTree = "<group>"; };
		843B1C7E2629C152007C7C04 /* MainViewController.swift */ = {isa = PBXFileReference; lastKnownFileType = sourcecode.swift; path = MainViewController.swift; sourceTree = "<group>"; };
		843B1C96262C8030007C7C04 /* SectionModel.swift */ = {isa = PBXFileReference; lastKnownFileType = sourcecode.swift; path = SectionModel.swift; sourceTree = "<group>"; };
		843B1C9B262C8132007C7C04 /* ItemModel.swift */ = {isa = PBXFileReference; lastKnownFileType = sourcecode.swift; path = ItemModel.swift; sourceTree = "<group>"; };
		843B1C9E262D6F6B007C7C04 /* BestPriceViewCell.swift */ = {isa = PBXFileReference; lastKnownFileType = sourcecode.swift; path = BestPriceViewCell.swift; sourceTree = "<group>"; };
		843B1C9F262D6F6B007C7C04 /* BestPriceViewCell.xib */ = {isa = PBXFileReference; lastKnownFileType = file.xib; path = BestPriceViewCell.xib; sourceTree = "<group>"; };
		843B1CA5262D9CF0007C7C04 /* CatalogViewCell.swift */ = {isa = PBXFileReference; lastKnownFileType = sourcecode.swift; path = CatalogViewCell.swift; sourceTree = "<group>"; };
		843B1CA6262D9CF0007C7C04 /* CatalogViewCell.xib */ = {isa = PBXFileReference; lastKnownFileType = file.xib; path = CatalogViewCell.xib; sourceTree = "<group>"; };
		843B1CAA262DA3F2007C7C04 /* SectionHeaderView.swift */ = {isa = PBXFileReference; lastKnownFileType = sourcecode.swift; path = SectionHeaderView.swift; sourceTree = "<group>"; };
		843B1CB2262E15FC007C7C04 /* SearchCollectionViewCell.swift */ = {isa = PBXFileReference; lastKnownFileType = sourcecode.swift; path = SearchCollectionViewCell.swift; sourceTree = "<group>"; };
		843B1CB3262E15FC007C7C04 /* SearchCollectionViewCell.xib */ = {isa = PBXFileReference; lastKnownFileType = file.xib; path = SearchCollectionViewCell.xib; sourceTree = "<group>"; };
/* End PBXFileReference section */

/* Begin PBXFrameworksBuildPhase section */
		843B1C4D2629B806007C7C04 /* Frameworks */ = {
			isa = PBXFrameworksBuildPhase;
			buildActionMask = 2147483647;
			files = (
			);
			runOnlyForDeploymentPostprocessing = 0;
		};
/* End PBXFrameworksBuildPhase section */

/* Begin PBXGroup section */
		843B1C472629B806007C7C04 = {
			isa = PBXGroup;
			children = (
				843B1C682629B891007C7C04 /* .gitignore */,
				843B1C522629B806007C7C04 /* TestTaskLeroyMerlin */,
				843B1C512629B806007C7C04 /* Products */,
			);
			sourceTree = "<group>";
		};
		843B1C512629B806007C7C04 /* Products */ = {
			isa = PBXGroup;
			children = (
				843B1C502629B806007C7C04 /* TestTaskLeroyMerlin.app */,
			);
			name = Products;
			sourceTree = "<group>";
		};
		843B1C522629B806007C7C04 /* TestTaskLeroyMerlin */ = {
			isa = PBXGroup;
			children = (
				843B1C95262C8019007C7C04 /* Model */,
				843B1C94262C800B007C7C04 /* View */,
				843B1C93262C7FF6007C7C04 /* Controller */,
				843B1C6C2629BA15007C7C04 /* Application */,
				843B1C6B2629B9F5007C7C04 /* Resource */,
			);
			path = TestTaskLeroyMerlin;
			sourceTree = "<group>";
		};
		843B1C6B2629B9F5007C7C04 /* Resource */ = {
			isa = PBXGroup;
			children = (
				843B1C5C2629B80D007C7C04 /* Assets.xcassets */,
				843B1C612629B80D007C7C04 /* Info.plist */,
			);
			path = Resource;
			sourceTree = "<group>";
		};
		843B1C6C2629BA15007C7C04 /* Application */ = {
			isa = PBXGroup;
			children = (
				843B1C6D2629BA1C007C7C04 /* View */,
				843B1C6E2629BA3D007C7C04 /* Controller */,
			);
			path = Application;
			sourceTree = "<group>";
		};
		843B1C6D2629BA1C007C7C04 /* View */ = {
			isa = PBXGroup;
			children = (
				843B1C5E2629B80D007C7C04 /* LaunchScreen.storyboard */,
			);
			path = View;
			sourceTree = "<group>";
		};
		843B1C6E2629BA3D007C7C04 /* Controller */ = {
			isa = PBXGroup;
			children = (
				843B1C552629B806007C7C04 /* SceneDelegate.swift */,
				843B1C532629B806007C7C04 /* AppDelegate.swift */,
			);
			path = Controller;
			sourceTree = "<group>";
		};
		843B1C93262C7FF6007C7C04 /* Controller */ = {
			isa = PBXGroup;
			children = (
				843B1C7E2629C152007C7C04 /* MainViewController.swift */,
				843B1C792629BD2C007C7C04 /* MainTabBarTableViewController.swift */,
				843B1C572629B806007C7C04 /* TestViewController.swift */,
			);
			path = Controller;
			sourceTree = "<group>";
		};
		843B1C94262C800B007C7C04 /* View */ = {
			isa = PBXGroup;
			children = (
				843B1C9E262D6F6B007C7C04 /* BestPriceViewCell.swift */,
				843B1C9F262D6F6B007C7C04 /* BestPriceViewCell.xib */,
				843B1CA5262D9CF0007C7C04 /* CatalogViewCell.swift */,
				843B1CA6262D9CF0007C7C04 /* CatalogViewCell.xib */,
				843B1CAA262DA3F2007C7C04 /* SectionHeaderView.swift */,
				843B1CB2262E15FC007C7C04 /* SearchCollectionViewCell.swift */,
				843B1CB3262E15FC007C7C04 /* SearchCollectionViewCell.xib */,
			);
			path = View;
			sourceTree = "<group>";
		};
		843B1C95262C8019007C7C04 /* Model */ = {
			isa = PBXGroup;
			children = (
				843B1C96262C8030007C7C04 /* SectionModel.swift */,
				843B1C9B262C8132007C7C04 /* ItemModel.swift */,
			);
			path = Model;
			sourceTree = "<group>";
		};
/* End PBXGroup section */

/* Begin PBXNativeTarget section */
		843B1C4F2629B806007C7C04 /* TestTaskLeroyMerlin */ = {
			isa = PBXNativeTarget;
			buildConfigurationList = 843B1C642629B80D007C7C04 /* Build configuration list for PBXNativeTarget "TestTaskLeroyMerlin" */;
			buildPhases = (
				843B1C4C2629B806007C7C04 /* Sources */,
				843B1C4D2629B806007C7C04 /* Frameworks */,
				843B1C4E2629B806007C7C04 /* Resources */,
			);
			buildRules = (
			);
			dependencies = (
			);
			name = TestTaskLeroyMerlin;
			productName = TestTaskLeroyMerlin;
			productReference = 843B1C502629B806007C7C04 /* TestTaskLeroyMerlin.app */;
			productType = "com.apple.product-type.application";
		};
/* End PBXNativeTarget section */

/* Begin PBXProject section */
		843B1C482629B806007C7C04 /* Project object */ = {
			isa = PBXProject;
			attributes = {
				LastSwiftUpdateCheck = 1240;
				LastUpgradeCheck = 1240;
				TargetAttributes = {
					843B1C4F2629B806007C7C04 = {
						CreatedOnToolsVersion = 12.4;
					};
				};
			};
			buildConfigurationList = 843B1C4B2629B806007C7C04 /* Build configuration list for PBXProject "TestTaskLeroyMerlin" */;
			compatibilityVersion = "Xcode 9.3";
			developmentRegion = en;
			hasScannedForEncodings = 0;
			knownRegions = (
				en,
				Base,
			);
			mainGroup = 843B1C472629B806007C7C04;
			productRefGroup = 843B1C512629B806007C7C04 /* Products */;
			projectDirPath = "";
			projectRoot = "";
			targets = (
				843B1C4F2629B806007C7C04 /* TestTaskLeroyMerlin */,
			);
		};
/* End PBXProject section */

/* Begin PBXResourcesBuildPhase section */
		843B1C4E2629B806007C7C04 /* Resources */ = {
			isa = PBXResourcesBuildPhase;
			buildActionMask = 2147483647;
			files = (
				843B1CB5262E15FC007C7C04 /* SearchCollectionViewCell.xib in Resources */,
				843B1CA1262D6F6B007C7C04 /* BestPriceViewCell.xib in Resources */,
				843B1C692629B891007C7C04 /* .gitignore in Resources */,
				843B1C602629B80D007C7C04 /* LaunchScreen.storyboard in Resources */,
				843B1C5D2629B80D007C7C04 /* Assets.xcassets in Resources */,
				843B1CA8262D9CF0007C7C04 /* CatalogViewCell.xib in Resources */,
			);
			runOnlyForDeploymentPostprocessing = 0;
		};
/* End PBXResourcesBuildPhase section */

/* Begin PBXSourcesBuildPhase section */
		843B1C4C2629B806007C7C04 /* Sources */ = {
			isa = PBXSourcesBuildPhase;
			buildActionMask = 2147483647;
			files = (
				843B1CA7262D9CF0007C7C04 /* CatalogViewCell.swift in Sources */,
				843B1C97262C8030007C7C04 /* SectionModel.swift in Sources */,
				843B1CB4262E15FC007C7C04 /* SearchCollectionViewCell.swift in Sources */,
				843B1CAB262DA3F2007C7C04 /* SectionHeaderView.swift in Sources */,
				843B1C582629B806007C7C04 /* TestViewController.swift in Sources */,
				843B1CA0262D6F6B007C7C04 /* BestPriceViewCell.swift in Sources */,
				843B1C542629B806007C7C04 /* AppDelegate.swift in Sources */,
				843B1C7A2629BD2C007C7C04 /* MainTabBarTableViewController.swift in Sources */,
				843B1C562629B806007C7C04 /* SceneDelegate.swift in Sources */,
				843B1C7F2629C152007C7C04 /* MainViewController.swift in Sources */,
				843B1C9C262C8132007C7C04 /* ItemModel.swift in Sources */,
			);
			runOnlyForDeploymentPostprocessing = 0;
		};
/* End PBXSourcesBuildPhase section */

/* Begin PBXVariantGroup section */
		843B1C5E2629B80D007C7C04 /* LaunchScreen.storyboard */ = {
			isa = PBXVariantGroup;
			children = (
				843B1C5F2629B80D007C7C04 /* Base */,
			);
			name = LaunchScreen.storyboard;
			sourceTree = "<group>";
		};
/* End PBXVariantGroup section */

/* Begin XCBuildConfiguration section */
		843B1C622629B80D007C7C04 /* Debug */ = {
			isa = XCBuildConfiguration;
			buildSettings = {
				ALWAYS_SEARCH_USER_PATHS = NO;
				CLANG_ANALYZER_NONNULL = YES;
				CLANG_ANALYZER_NUMBER_OBJECT_CONVERSION = YES_AGGRESSIVE;
				CLANG_CXX_LANGUAGE_STANDARD = "gnu++14";
				CLANG_CXX_LIBRARY = "libc++";
				CLANG_ENABLE_MODULES = YES;
				CLANG_ENABLE_OBJC_ARC = YES;
				CLANG_ENABLE_OBJC_WEAK = YES;
				CLANG_WARN_BLOCK_CAPTURE_AUTORELEASING = YES;
				CLANG_WARN_BOOL_CONVERSION = YES;
				CLANG_WARN_COMMA = YES;
				CLANG_WARN_CONSTANT_CONVERSION = YES;
				CLANG_WARN_DEPRECATED_OBJC_IMPLEMENTATIONS = YES;
				CLANG_WARN_DIRECT_OBJC_ISA_USAGE = YES_ERROR;
				CLANG_WARN_DOCUMENTATION_COMMENTS = YES;
				CLANG_WARN_EMPTY_BODY = YES;
				CLANG_WARN_ENUM_CONVERSION = YES;
				CLANG_WARN_INFINITE_RECURSION = YES;
				CLANG_WARN_INT_CONVERSION = YES;
				CLANG_WARN_NON_LITERAL_NULL_CONVERSION = YES;
				CLANG_WARN_OBJC_IMPLICIT_RETAIN_SELF = YES;
				CLANG_WARN_OBJC_LITERAL_CONVERSION = YES;
				CLANG_WARN_OBJC_ROOT_CLASS = YES_ERROR;
				CLANG_WARN_QUOTED_INCLUDE_IN_FRAMEWORK_HEADER = YES;
				CLANG_WARN_RANGE_LOOP_ANALYSIS = YES;
				CLANG_WARN_STRICT_PROTOTYPES = YES;
				CLANG_WARN_SUSPICIOUS_MOVE = YES;
				CLANG_WARN_UNGUARDED_AVAILABILITY = YES_AGGRESSIVE;
				CLANG_WARN_UNREACHABLE_CODE = YES;
				CLANG_WARN__DUPLICATE_METHOD_MATCH = YES;
				COPY_PHASE_STRIP = NO;
				DEBUG_INFORMATION_FORMAT = dwarf;
				ENABLE_STRICT_OBJC_MSGSEND = YES;
				ENABLE_TESTABILITY = YES;
				GCC_C_LANGUAGE_STANDARD = gnu11;
				GCC_DYNAMIC_NO_PIC = NO;
				GCC_NO_COMMON_BLOCKS = YES;
				GCC_OPTIMIZATION_LEVEL = 0;
				GCC_PREPROCESSOR_DEFINITIONS = (
					"DEBUG=1",
					"$(inherited)",
				);
				GCC_WARN_64_TO_32_BIT_CONVERSION = YES;
				GCC_WARN_ABOUT_RETURN_TYPE = YES_ERROR;
				GCC_WARN_UNDECLARED_SELECTOR = YES;
				GCC_WARN_UNINITIALIZED_AUTOS = YES_AGGRESSIVE;
				GCC_WARN_UNUSED_FUNCTION = YES;
				GCC_WARN_UNUSED_VARIABLE = YES;
				IPHONEOS_DEPLOYMENT_TARGET = 13.0;
				MTL_ENABLE_DEBUG_INFO = INCLUDE_SOURCE;
				MTL_FAST_MATH = YES;
				ONLY_ACTIVE_ARCH = YES;
				SDKROOT = iphoneos;
				SWIFT_ACTIVE_COMPILATION_CONDITIONS = DEBUG;
				SWIFT_OPTIMIZATION_LEVEL = "-Onone";
			};
			name = Debug;
		};
		843B1C632629B80D007C7C04 /* Release */ = {
			isa = XCBuildConfiguration;
			buildSettings = {
				ALWAYS_SEARCH_USER_PATHS = NO;
				CLANG_ANALYZER_NONNULL = YES;
				CLANG_ANALYZER_NUMBER_OBJECT_CONVERSION = YES_AGGRESSIVE;
				CLANG_CXX_LANGUAGE_STANDARD = "gnu++14";
				CLANG_CXX_LIBRARY = "libc++";
				CLANG_ENABLE_MODULES = YES;
				CLANG_ENABLE_OBJC_ARC = YES;
				CLANG_ENABLE_OBJC_WEAK = YES;
				CLANG_WARN_BLOCK_CAPTURE_AUTORELEASING = YES;
				CLANG_WARN_BOOL_CONVERSION = YES;
				CLANG_WARN_COMMA = YES;
				CLANG_WARN_CONSTANT_CONVERSION = YES;
				CLANG_WARN_DEPRECATED_OBJC_IMPLEMENTATIONS = YES;
				CLANG_WARN_DIRECT_OBJC_ISA_USAGE = YES_ERROR;
				CLANG_WARN_DOCUMENTATION_COMMENTS = YES;
				CLANG_WARN_EMPTY_BODY = YES;
				CLANG_WARN_ENUM_CONVERSION = YES;
				CLANG_WARN_INFINITE_RECURSION = YES;
				CLANG_WARN_INT_CONVERSION = YES;
				CLANG_WARN_NON_LITERAL_NULL_CONVERSION = YES;
				CLANG_WARN_OBJC_IMPLICIT_RETAIN_SELF = YES;
				CLANG_WARN_OBJC_LITERAL_CONVERSION = YES;
				CLANG_WARN_OBJC_ROOT_CLASS = YES_ERROR;
				CLANG_WARN_QUOTED_INCLUDE_IN_FRAMEWORK_HEADER = YES;
				CLANG_WARN_RANGE_LOOP_ANALYSIS = YES;
				CLANG_WARN_STRICT_PROTOTYPES = YES;
				CLANG_WARN_SUSPICIOUS_MOVE = YES;
				CLANG_WARN_UNGUARDED_AVAILABILITY = YES_AGGRESSIVE;
				CLANG_WARN_UNREACHABLE_CODE = YES;
				CLANG_WARN__DUPLICATE_METHOD_MATCH = YES;
				COPY_PHASE_STRIP = NO;
				DEBUG_INFORMATION_FORMAT = "dwarf-with-dsym";
				ENABLE_NS_ASSERTIONS = NO;
				ENABLE_STRICT_OBJC_MSGSEND = YES;
				GCC_C_LANGUAGE_STANDARD = gnu11;
				GCC_NO_COMMON_BLOCKS = YES;
				GCC_WARN_64_TO_32_BIT_CONVERSION = YES;
				GCC_WARN_ABOUT_RETURN_TYPE = YES_ERROR;
				GCC_WARN_UNDECLARED_SELECTOR = YES;
				GCC_WARN_UNINITIALIZED_AUTOS = YES_AGGRESSIVE;
				GCC_WARN_UNUSED_FUNCTION = YES;
				GCC_WARN_UNUSED_VARIABLE = YES;
				IPHONEOS_DEPLOYMENT_TARGET = 13.0;
				MTL_ENABLE_DEBUG_INFO = NO;
				MTL_FAST_MATH = YES;
				SDKROOT = iphoneos;
				SWIFT_COMPILATION_MODE = wholemodule;
				SWIFT_OPTIMIZATION_LEVEL = "-O";
				VALIDATE_PRODUCT = YES;
			};
			name = Release;
		};
		843B1C652629B80D007C7C04 /* Debug */ = {
			isa = XCBuildConfiguration;
			buildSettings = {
				ASSETCATALOG_COMPILER_APPICON_NAME = AppIcon;
				ASSETCATALOG_COMPILER_GLOBAL_ACCENT_COLOR_NAME = AccentColor;
				CODE_SIGN_STYLE = Automatic;
				DEVELOPMENT_TEAM = 2PQ8675BM6;
				INFOPLIST_FILE = "$(SRCROOT)/TestTaskLeroyMerlin/Resource/Info.plist";
				LD_RUNPATH_SEARCH_PATHS = (
					"$(inherited)",
					"@executable_path/Frameworks",
				);
				PRODUCT_BUNDLE_IDENTIFIER = denis.TestTaskLeroyMerlin;
				PRODUCT_NAME = "$(TARGET_NAME)";
				SWIFT_VERSION = 5.0;
				TARGETED_DEVICE_FAMILY = "1,2";
			};
			name = Debug;
		};
		843B1C662629B80D007C7C04 /* Release */ = {
			isa = XCBuildConfiguration;
			buildSettings = {
				ASSETCATALOG_COMPILER_APPICON_NAME = AppIcon;
				ASSETCATALOG_COMPILER_GLOBAL_ACCENT_COLOR_NAME = AccentColor;
				CODE_SIGN_STYLE = Automatic;
				DEVELOPMENT_TEAM = 2PQ8675BM6;
				INFOPLIST_FILE = "$(SRCROOT)/TestTaskLeroyMerlin/Resource/Info.plist";
				LD_RUNPATH_SEARCH_PATHS = (
					"$(inherited)",
					"@executable_path/Frameworks",
				);
				PRODUCT_BUNDLE_IDENTIFIER = denis.TestTaskLeroyMerlin;
				PRODUCT_NAME = "$(TARGET_NAME)";
				SWIFT_VERSION = 5.0;
				TARGETED_DEVICE_FAMILY = "1,2";
			};
			name = Release;
		};
/* End XCBuildConfiguration section */

/* Begin XCConfigurationList section */
		843B1C4B2629B806007C7C04 /* Build configuration list for PBXProject "TestTaskLeroyMerlin" */ = {
			isa = XCConfigurationList;
			buildConfigurations = (
				843B1C622629B80D007C7C04 /* Debug */,
				843B1C632629B80D007C7C04 /* Release */,
			);
			defaultConfigurationIsVisible = 0;
			defaultConfigurationName = Release;
		};
		843B1C642629B80D007C7C04 /* Build configuration list for PBXNativeTarget "TestTaskLeroyMerlin" */ = {
			isa = XCConfigurationList;
			buildConfigurations = (
				843B1C652629B80D007C7C04 /* Debug */,
				843B1C662629B80D007C7C04 /* Release */,
			);
			defaultConfigurationIsVisible = 0;
			defaultConfigurationName = Release;
		};
/* End XCConfigurationList section */
	};
	rootObject = 843B1C482629B806007C7C04 /* Project object */;
}
